// !$*UTF8*$!
{
	archiveVersion = 1;
	classes = {
	};
	objectVersion = 50;
	objects = {

/* Begin PBXBuildFile section */
		17E2DC602F8D71F9C937A772 /* libPods-SideMenuControllerDemo.a in Frameworks */ = {isa = PBXBuildFile; fileRef = ABF11B9C2B95A9F55C074B87 /* libPods-SideMenuControllerDemo.a */; };
		BC748D62221CC97F00D9656F /* AppDelegate.m in Sources */ = {isa = PBXBuildFile; fileRef = BC748D61221CC97F00D9656F /* AppDelegate.m */; };
		BC748D65221CC97F00D9656F /* ViewController.m in Sources */ = {isa = PBXBuildFile; fileRef = BC748D64221CC97F00D9656F /* ViewController.m */; };
		BC748D68221CC97F00D9656F /* Main.storyboard in Resources */ = {isa = PBXBuildFile; fileRef = BC748D66221CC97F00D9656F /* Main.storyboard */; };
		BC748D6A221CC98100D9656F /* Assets.xcassets in Resources */ = {isa = PBXBuildFile; fileRef = BC748D69221CC98100D9656F /* Assets.xcassets */; };
		BC748D6D221CC98100D9656F /* LaunchScreen.storyboard in Resources */ = {isa = PBXBuildFile; fileRef = BC748D6B221CC98100D9656F /* LaunchScreen.storyboard */; };
		BC748D70221CC98100D9656F /* main.m in Sources */ = {isa = PBXBuildFile; fileRef = BC748D6F221CC98100D9656F /* main.m */; };
/* End PBXBuildFile section */

/* Begin PBXFileReference section */
		2E4EDA7D7DDB37A73B1FB367 /* Pods-SideMenuControllerDemo.release.xcconfig */ = {isa = PBXFileReference; includeInIndex = 1; lastKnownFileType = text.xcconfig; name = "Pods-SideMenuControllerDemo.release.xcconfig"; path = "Target Support Files/Pods-SideMenuControllerDemo/Pods-SideMenuControllerDemo.release.xcconfig"; sourceTree = "<group>"; };
		4076189473117086FEC16B66 /* Pods-SideMenuControllerDemo.debug.xcconfig */ = {isa = PBXFileReference; includeInIndex = 1; lastKnownFileType = text.xcconfig; name = "Pods-SideMenuControllerDemo.debug.xcconfig"; path = "Target Support Files/Pods-SideMenuControllerDemo/Pods-SideMenuControllerDemo.debug.xcconfig"; sourceTree = "<group>"; };
		ABF11B9C2B95A9F55C074B87 /* libPods-SideMenuControllerDemo.a */ = {isa = PBXFileReference; explicitFileType = archive.ar; includeInIndex = 0; path = "libPods-SideMenuControllerDemo.a"; sourceTree = BUILT_PRODUCTS_DIR; };
		BC748D5D221CC97F00D9656F /* SideMenuControllerDemo.app */ = {isa = PBXFileReference; explicitFileType = wrapper.application; includeInIndex = 0; path = SideMenuControllerDemo.app; sourceTree = BUILT_PRODUCTS_DIR; };
		BC748D60221CC97F00D9656F /* AppDelegate.h */ = {isa = PBXFileReference; lastKnownFileType = sourcecode.c.h; path = AppDelegate.h; sourceTree = "<group>"; };
		BC748D61221CC97F00D9656F /* AppDelegate.m */ = {isa = PBXFileReference; lastKnownFileType = sourcecode.c.objc; path = AppDelegate.m; sourceTree = "<group>"; };
		BC748D63221CC97F00D9656F /* ViewController.h */ = {isa = PBXFileReference; lastKnownFileType = sourcecode.c.h; path = ViewController.h; sourceTree = "<group>"; };
		BC748D64221CC97F00D9656F /* ViewController.m */ = {isa = PBXFileReference; lastKnownFileType = sourcecode.c.objc; path = ViewController.m; sourceTree = "<group>"; };
		BC748D67221CC97F00D9656F /* Base */ = {isa = PBXFileReference; lastKnownFileType = file.storyboard; name = Base; path = Base.lproj/Main.storyboard; sourceTree = "<group>"; };
		BC748D69221CC98100D9656F /* Assets.xcassets */ = {isa = PBXFileReference; lastKnownFileType = folder.assetcatalog; path = Assets.xcassets; sourceTree = "<group>"; };
		BC748D6C221CC98100D9656F /* Base */ = {isa = PBXFileReference; lastKnownFileType = file.storyboard; name = Base; path = Base.lproj/LaunchScreen.storyboard; sourceTree = "<group>"; };
		BC748D6E221CC98100D9656F /* Info.plist */ = {isa = PBXFileReference; lastKnownFileType = text.plist.xml; path = Info.plist; sourceTree = "<group>"; };
		BC748D6F221CC98100D9656F /* main.m */ = {isa = PBXFileReference; lastKnownFileType = sourcecode.c.objc; path = main.m; sourceTree = "<group>"; };
/* End PBXFileReference section */

/* Begin PBXFrameworksBuildPhase section */
		BC748D5A221CC97F00D9656F /* Frameworks */ = {
			isa = PBXFrameworksBuildPhase;
			buildActionMask = 2147483647;
			files = (
				17E2DC602F8D71F9C937A772 /* libPods-SideMenuControllerDemo.a in Frameworks */,
			);
			runOnlyForDeploymentPostprocessing = 0;
		};
/* End PBXFrameworksBuildPhase section */

/* Begin PBXGroup section */
		5A8744DAA643076F11812F73 /* Pods */ = {
			isa = PBXGroup;
			children = (
				4076189473117086FEC16B66 /* Pods-SideMenuControllerDemo.debug.xcconfig */,
				2E4EDA7D7DDB37A73B1FB367 /* Pods-SideMenuControllerDemo.release.xcconfig */,
			);
			path = Pods;
			sourceTree = "<group>";
		};
		B9CAD5CB7DF5700F91A92C8D /* Frameworks */ = {
			isa = PBXGroup;
			children = (
				ABF11B9C2B95A9F55C074B87 /* libPods-SideMenuControllerDemo.a */,
			);
			name = Frameworks;
			sourceTree = "<group>";
		};
		BC748D54221CC97F00D9656F = {
			isa = PBXGroup;
			children = (
				BC748D5F221CC97F00D9656F /* SideMenuControllerDemo */,
				BC748D5E221CC97F00D9656F /* Products */,
				5A8744DAA643076F11812F73 /* Pods */,
				B9CAD5CB7DF5700F91A92C8D /* Frameworks */,
			);
			sourceTree = "<group>";
		};
		BC748D5E221CC97F00D9656F /* Products */ = {
			isa = PBXGroup;
			children = (
				BC748D5D221CC97F00D9656F /* SideMenuControllerDemo.app */,
			);
			name = Products;
			sourceTree = "<group>";
		};
		BC748D5F221CC97F00D9656F /* SideMenuControllerDemo */ = {
			isa = PBXGroup;
			children = (
				BC748D60221CC97F00D9656F /* AppDelegate.h */,
				BC748D61221CC97F00D9656F /* AppDelegate.m */,
				BC748D63221CC97F00D9656F /* ViewController.h */,
				BC748D64221CC97F00D9656F /* ViewController.m */,
				BC748D66221CC97F00D9656F /* Main.storyboard */,
				BC748D69221CC98100D9656F /* Assets.xcassets */,
				BC748D6B221CC98100D9656F /* LaunchScreen.storyboard */,
				BC748D6E221CC98100D9656F /* Info.plist */,
				BC748D6F221CC98100D9656F /* main.m */,
			);
			path = SideMenuControllerDemo;
			sourceTree = "<group>";
		};
/* End PBXGroup section */

/* Begin PBXNativeTarget section */
		BC748D5C221CC97F00D9656F /* SideMenuControllerDemo */ = {
			isa = PBXNativeTarget;
			buildConfigurationList = BC748D73221CC98100D9656F /* Build configuration list for PBXNativeTarget "SideMenuControllerDemo" */;
			buildPhases = (
				AD83E484E97D3F3729FC90C2 /* [CP] Check Pods Manifest.lock */,
				BC748D59221CC97F00D9656F /* Sources */,
				BC748D5A221CC97F00D9656F /* Frameworks */,
				BC748D5B221CC97F00D9656F /* Resources */,
			);
			buildRules = (
			);
			dependencies = (
			);
			name = SideMenuControllerDemo;
			productName = SideMenuControllerDemo;
			productReference = BC748D5D221CC97F00D9656F /* SideMenuControllerDemo.app */;
			productType = "com.apple.product-type.application";
		};
/* End PBXNativeTarget section */

/* Begin PBXProject section */
		BC748D55221CC97F00D9656F /* Project object */ = {
			isa = PBXProject;
			attributes = {
				LastUpgradeCheck = 1010;
				ORGANIZATIONNAME = "New Guy Studio";
				TargetAttributes = {
					BC748D5C221CC97F00D9656F = {
						CreatedOnToolsVersion = 10.1;
					};
				};
			};
			buildConfigurationList = BC748D58221CC97F00D9656F /* Build configuration list for PBXProject "SideMenuControllerDemo" */;
			compatibilityVersion = "Xcode 9.3";
			developmentRegion = en;
			hasScannedForEncodings = 0;
			knownRegions = (
				en,
				Base,
			);
			mainGroup = BC748D54221CC97F00D9656F;
			productRefGroup = BC748D5E221CC97F00D9656F /* Products */;
			projectDirPath = "";
			projectRoot = "";
			targets = (
				BC748D5C221CC97F00D9656F /* SideMenuControllerDemo */,
			);
		};
/* End PBXProject section */

/* Begin PBXResourcesBuildPhase section */
		BC748D5B221CC97F00D9656F /* Resources */ = {
			isa = PBXResourcesBuildPhase;
			buildActionMask = 2147483647;
			files = (
				BC748D6D221CC98100D9656F /* LaunchScreen.storyboard in Resources */,
				BC748D6A221CC98100D9656F /* Assets.xcassets in Resources */,
				BC748D68221CC97F00D9656F /* Main.storyboard in Resources */,
			);
			runOnlyForDeploymentPostprocessing = 0;
		};
/* End PBXResourcesBuildPhase section */

/* Begin PBXShellScriptBuildPhase section */
		AD83E484E97D3F3729FC90C2 /* [CP] Check Pods Manifest.lock */ = {
			isa = PBXShellScriptBuildPhase;
			buildActionMask = 2147483647;
			files = (
			);
			inputFileListPaths = (
			);
			inputPaths = (
				"${PODS_PODFILE_DIR_PATH}/Podfile.lock",
				"${PODS_ROOT}/Manifest.lock",
			);
			name = "[CP] Check Pods Manifest.lock";
			outputFileListPaths = (
			);
			outputPaths = (
				"$(DERIVED_FILE_DIR)/Pods-SideMenuControllerDemo-checkManifestLockResult.txt",
			);
			runOnlyForDeploymentPostprocessing = 0;
			shellPath = /bin/sh;
			shellScript = "diff \"${PODS_PODFILE_DIR_PATH}/Podfile.lock\" \"${PODS_ROOT}/Manifest.lock\" > /dev/null\nif [ $? != 0 ] ; then\n    # print error to STDERR\n    echo \"error: The sandbox is not in sync with the Podfile.lock. Run 'pod install' or update your CocoaPods installation.\" >&2\n    exit 1\nfi\n# This output is used by Xcode 'outputs' to avoid re-running this script phase.\necho \"SUCCESS\" > \"${SCRIPT_OUTPUT_FILE_0}\"\n";
			showEnvVarsInLog = 0;
		};
/* End PBXShellScriptBuildPhase section */

/* Begin PBXSourcesBuildPhase section */
		BC748D59221CC97F00D9656F /* Sources */ = {
			isa = PBXSourcesBuildPhase;
			buildActionMask = 2147483647;
			files = (
				BC748D65221CC97F00D9656F /* ViewController.m in Sources */,
				BC748D70221CC98100D9656F /* main.m in Sources */,
				BC748D62221CC97F00D9656F /* AppDelegate.m in Sources */,
			);
			runOnlyForDeploymentPostprocessing = 0;
		};
/* End PBXSourcesBuildPhase section */

/* Begin PBXVariantGroup section */
		BC748D66221CC97F00D9656F /* Main.storyboard */ = {
			isa = PBXVariantGroup;
			children = (
				BC748D67221CC97F00D9656F /* Base */,
			);
			name = Main.storyboard;
			sourceTree = "<group>";
		};
		BC748D6B221CC98100D9656F /* LaunchScreen.storyboard */ = {
			isa = PBXVariantGroup;
			children = (
				BC748D6C221CC98100D9656F /* Base */,
			);
			name = LaunchScreen.storyboard;
			sourceTree = "<group>";
		};
/* End PBXVariantGroup section */

/* Begin XCBuildConfiguration section */
		BC748D71221CC98100D9656F /* Debug */ = {
			isa = XCBuildConfiguration;
			buildSettings = {
				ALWAYS_SEARCH_USER_PATHS = NO;
				CLANG_ANALYZER_NONNULL = YES;
				CLANG_ANALYZER_NUMBER_OBJECT_CONVERSION = YES_AGGRESSIVE;
				CLANG_CXX_LANGUAGE_STANDARD = "gnu++14";
				CLANG_CXX_LIBRARY = "libc++";
				CLANG_ENABLE_MODULES = YES;
				CLANG_ENABLE_OBJC_ARC = YES;
				CLANG_ENABLE_OBJC_WEAK = YES;
				CLANG_WARN_BLOCK_CAPTURE_AUTORELEASING = YES;
				CLANG_WARN_BOOL_CONVERSION = YES;
				CLANG_WARN_COMMA = YES;
				CLANG_WARN_CONSTANT_CONVERSION = YES;
				CLANG_WARN_DEPRECATED_OBJC_IMPLEMENTATIONS = YES;
				CLANG_WARN_DIRECT_OBJC_ISA_USAGE = YES_ERROR;
				CLANG_WARN_DOCUMENTATION_COMMENTS = YES;
				CLANG_WARN_EMPTY_BODY = YES;
				CLANG_WARN_ENUM_CONVERSION = YES;
				CLANG_WARN_INFINITE_RECURSION = YES;
				CLANG_WARN_INT_CONVERSION = YES;
				CLANG_WARN_NON_LITERAL_NULL_CONVERSION = YES;
				CLANG_WARN_OBJC_IMPLICIT_RETAIN_SELF = YES;
				CLANG_WARN_OBJC_LITERAL_CONVERSION = YES;
				CLANG_WARN_OBJC_ROOT_CLASS = YES_ERROR;
				CLANG_WARN_RANGE_LOOP_ANALYSIS = YES;
				CLANG_WARN_STRICT_PROTOTYPES = YES;
				CLANG_WARN_SUSPICIOUS_MOVE = YES;
				CLANG_WARN_UNGUARDED_AVAILABILITY = YES_AGGRESSIVE;
				CLANG_WARN_UNREACHABLE_CODE = YES;
				CLANG_WARN__DUPLICATE_METHOD_MATCH = YES;
				CODE_SIGN_IDENTITY = "iPhone Developer";
				COPY_PHASE_STRIP = NO;
				DEBUG_INFORMATION_FORMAT = dwarf;
				ENABLE_STRICT_OBJC_MSGSEND = YES;
				ENABLE_TESTABILITY = YES;
				GCC_C_LANGUAGE_STANDARD = gnu11;
				GCC_DYNAMIC_NO_PIC = NO;
				GCC_NO_COMMON_BLOCKS = YES;
				GCC_OPTIMIZATION_LEVEL = 0;
				GCC_PREPROCESSOR_DEFINITIONS = (
					"DEBUG=1",
					"$(inherited)",
				);
				GCC_WARN_64_TO_32_BIT_CONVERSION = YES;
				GCC_WARN_ABOUT_RETURN_TYPE = YES_ERROR;
				GCC_WARN_UNDECLARED_SELECTOR = YES;
				GCC_WARN_UNINITIALIZED_AUTOS = YES_AGGRESSIVE;
				GCC_WARN_UNUSED_FUNCTION = YES;
				GCC_WARN_UNUSED_VARIABLE = YES;
				IPHONEOS_DEPLOYMENT_TARGET = 9.0;
				MTL_ENABLE_DEBUG_INFO = INCLUDE_SOURCE;
				MTL_FAST_MATH = YES;
				ONLY_ACTIVE_ARCH = YES;
				SDKROOT = iphoneos;
			};
			name = Debug;
		};
		BC748D72221CC98100D9656F /* Release */ = {
			isa = XCBuildConfiguration;
			buildSettings = {
				ALWAYS_SEARCH_USER_PATHS = NO;
				CLANG_ANALYZER_NONNULL = YES;
				CLANG_ANALYZER_NUMBER_OBJECT_CONVERSION = YES_AGGRESSIVE;
				CLANG_CXX_LANGUAGE_STANDARD = "gnu++14";
				CLANG_CXX_LIBRARY = "libc++";
				CLANG_ENABLE_MODULES = YES;
				CLANG_ENABLE_OBJC_ARC = YES;
				CLANG_ENABLE_OBJC_WEAK = YES;
				CLANG_WARN_BLOCK_CAPTURE_AUTORELEASING = YES;
				CLANG_WARN_BOOL_CONVERSION = YES;
				CLANG_WARN_COMMA = YES;
				CLANG_WARN_CONSTANT_CONVERSION = YES;
				CLANG_WARN_DEPRECATED_OBJC_IMPLEMENTATIONS = YES;
				CLANG_WARN_DIRECT_OBJC_ISA_USAGE = YES_ERROR;
				CLANG_WARN_DOCUMENTATION_COMMENTS = YES;
				CLANG_WARN_EMPTY_BODY = YES;
				CLANG_WARN_ENUM_CONVERSION = YES;
				CLANG_WARN_INFINITE_RECURSION = YES;
				CLANG_WARN_INT_CONVERSION = YES;
				CLANG_WARN_NON_LITERAL_NULL_CONVERSION = YES;
				CLANG_WARN_OBJC_IMPLICIT_RETAIN_SELF = YES;
				CLANG_WARN_OBJC_LITERAL_CONVERSION = YES;
				CLANG_WARN_OBJC_ROOT_CLASS = YES_ERROR;
				CLANG_WARN_RANGE_LOOP_ANALYSIS = YES;
				CLANG_WARN_STRICT_PROTOTYPES = YES;
				CLANG_WARN_SUSPICIOUS_MOVE = YES;
				CLANG_WARN_UNGUARDED_AVAILABILITY = YES_AGGRESSIVE;
				CLANG_WARN_UNREACHABLE_CODE = YES;
				CLANG_WARN__DUPLICATE_METHOD_MATCH = YES;
				CODE_SIGN_IDENTITY = "iPhone Developer";
				COPY_PHASE_STRIP = NO;
				DEBUG_INFORMATION_FORMAT = "dwarf-with-dsym";
				ENABLE_NS_ASSERTIONS = NO;
				ENABLE_STRICT_OBJC_MSGSEND = YES;
				GCC_C_LANGUAGE_STANDARD = gnu11;
				GCC_NO_COMMON_BLOCKS = YES;
				GCC_WARN_64_TO_32_BIT_CONVERSION = YES;
				GCC_WARN_ABOUT_RETURN_TYPE = YES_ERROR;
				GCC_WARN_UNDECLARED_SELECTOR = YES;
				GCC_WARN_UNINITIALIZED_AUTOS = YES_AGGRESSIVE;
				GCC_WARN_UNUSED_FUNCTION = YES;
				GCC_WARN_UNUSED_VARIABLE = YES;
				IPHONEOS_DEPLOYMENT_TARGET = 9.0;
				MTL_ENABLE_DEBUG_INFO = NO;
				MTL_FAST_MATH = YES;
				SDKROOT = iphoneos;
				VALIDATE_PRODUCT = YES;
			};
			name = Release;
		};
		BC748D74221CC98100D9656F /* Debug */ = {
			isa = XCBuildConfiguration;
			baseConfigurationReference = 4076189473117086FEC16B66 /* Pods-SideMenuControllerDemo.debug.xcconfig */;
			buildSettings = {
				ASSETCATALOG_COMPILER_APPICON_NAME = AppIcon;
				CODE_SIGN_STYLE = Automatic;
				DEVELOPMENT_TEAM = TB7D8MNLYX;
				INFOPLIST_FILE = SideMenuControllerDemo/Info.plist;
				LD_RUNPATH_SEARCH_PATHS = (
					"$(inherited)",
					"@executable_path/Frameworks",
				);
				PRODUCT_BUNDLE_IDENTIFIER = com.newguystudio.SideMenuControllerDemo;
				PRODUCT_NAME = "$(TARGET_NAME)";
				TARGETED_DEVICE_FAMILY = "1,2";
			};
			name = Debug;
		};
		BC748D75221CC98100D9656F /* Release */ = {
			isa = XCBuildConfiguration;
			baseConfigurationReference = 2E4EDA7D7DDB37A73B1FB367 /* Pods-SideMenuControllerDemo.release.xcconfig */;
			buildSettings = {
				ASSETCATALOG_COMPILER_APPICON_NAME = AppIcon;
				CODE_SIGN_STYLE = Automatic;
				DEVELOPMENT_TEAM = TB7D8MNLYX;
				INFOPLIST_FILE = SideMenuControllerDemo/Info.plist;
				LD_RUNPATH_SEARCH_PATHS = (
					"$(inherited)",
					"@executable_path/Frameworks",
				);
				PRODUCT_BUNDLE_IDENTIFIER = com.newguystudio.SideMenuControllerDemo;
				PRODUCT_NAME = "$(TARGET_NAME)";
				TARGETED_DEVICE_FAMILY = "1,2";
			};
			name = Release;
		};
/* End XCBuildConfiguration section */

/* Begin XCConfigurationList section */
		BC748D58221CC97F00D9656F /* Build configuration list for PBXProject "SideMenuControllerDemo" */ = {
			isa = XCConfigurationList;
			buildConfigurations = (
				BC748D71221CC98100D9656F /* Debug */,
				BC748D72221CC98100D9656F /* Release */,
			);
			defaultConfigurationIsVisible = 0;
			defaultConfigurationName = Release;
		};
		BC748D73221CC98100D9656F /* Build configuration list for PBXNativeTarget "SideMenuControllerDemo" */ = {
			isa = XCConfigurationList;
			buildConfigurations = (
				BC748D74221CC98100D9656F /* Debug */,
				BC748D75221CC98100D9656F /* Release */,
			);
			defaultConfigurationIsVisible = 0;
			defaultConfigurationName = Release;
		};
/* End XCConfigurationList section */
	};
	rootObject = BC748D55221CC97F00D9656F /* Project object */;
}
